
Microsoft Visual Studio Solution File, Format Version 12.00
# Visual Studio Version 17
VisualStudioVersion = 17.9.34622.214
MinimumVisualStudioVersion = 10.0.40219.1
Project("{FAE04EC0-301F-11D3-BF4B-00C04F79EFBC}") = "ApiPersonajesAzurePrimera", "ApiPersonajesAzurePrimera\ApiPersonajesAzurePrimera.csproj", "{082B14E9-A51D-4A63-BC95-148B45BF0E6E}"
EndProject
Global
	GlobalSection(SolutionConfigurationPlatforms) = preSolution
		Debug|Any CPU = Debug|Any CPU
		Release|Any CPU = Release|Any CPU
	EndGlobalSection
	GlobalSection(ProjectConfigurationPlatforms) = postSolution
		{082B14E9-A51D-4A63-BC95-148B45BF0E6E}.Debug|Any CPU.ActiveCfg = Debug|Any CPU
		{082B14E9-A51D-4A63-BC95-148B45BF0E6E}.Debug|Any CPU.Build.0 = Debug|Any CPU
		{082B14E9-A51D-4A63-BC95-148B45BF0E6E}.Release|Any CPU.ActiveCfg = Release|Any CPU
		{082B14E9-A51D-4A63-BC95-148B45BF0E6E}.Release|Any CPU.Build.0 = Release|Any CPU
	EndGlobalSection
	GlobalSection(SolutionProperties) = preSolution
		HideSolutionNode = FALSE
	EndGlobalSection
	GlobalSection(ExtensibilityGlobals) = postSolution
		SolutionGuid = {0607D16E-FBC7-4C6D-9D09-778A16DC41F1}
	EndGlobalSection
EndGlobal
